
Microsoft Visual Studio Solution File, Format Version 12.00
Project("{FAE04EC0-301F-11D3-BF4B-00C04F79EFBC}") = "Task1", "Task1\Task1.csproj", "{1D115240-3124-465C-916D-649F7AB6E4BC}"
EndProject
Project("{FAE04EC0-301F-11D3-BF4B-00C04F79EFBC}") = "Task2", "Task2\Task2.csproj", "{2E00D557-E275-4716-9CAC-C388D74FD882}"
EndProject
Project("{FAE04EC0-301F-11D3-BF4B-00C04F79EFBC}") = "Task3", "Task3\Task3.csproj", "{6AAC86C6-6F78-4E39-ACF9-FE2390B155C0}"
EndProject
Global
	GlobalSection(SolutionConfigurationPlatforms) = preSolution
		Debug|Any CPU = Debug|Any CPU
		Release|Any CPU = Release|Any CPU
	EndGlobalSection
	GlobalSection(ProjectConfigurationPlatforms) = postSolution
		{1D115240-3124-465C-916D-649F7AB6E4BC}.Debug|Any CPU.ActiveCfg = Debug|Any CPU
		{1D115240-3124-465C-916D-649F7AB6E4BC}.Debug|Any CPU.Build.0 = Debug|Any CPU
		{1D115240-3124-465C-916D-649F7AB6E4BC}.Release|Any CPU.ActiveCfg = Release|Any CPU
		{1D115240-3124-465C-916D-649F7AB6E4BC}.Release|Any CPU.Build.0 = Release|Any CPU
		{2E00D557-E275-4716-9CAC-C388D74FD882}.Debug|Any CPU.ActiveCfg = Debug|Any CPU
		{2E00D557-E275-4716-9CAC-C388D74FD882}.Debug|Any CPU.Build.0 = Debug|Any CPU
		{2E00D557-E275-4716-9CAC-C388D74FD882}.Release|Any CPU.ActiveCfg = Release|Any CPU
		{2E00D557-E275-4716-9CAC-C388D74FD882}.Release|Any CPU.Build.0 = Release|Any CPU
		{6AAC86C6-6F78-4E39-ACF9-FE2390B155C0}.Debug|Any CPU.ActiveCfg = Debug|Any CPU
		{6AAC86C6-6F78-4E39-ACF9-FE2390B155C0}.Debug|Any CPU.Build.0 = Debug|Any CPU
		{6AAC86C6-6F78-4E39-ACF9-FE2390B155C0}.Release|Any CPU.ActiveCfg = Release|Any CPU
		{6AAC86C6-6F78-4E39-ACF9-FE2390B155C0}.Release|Any CPU.Build.0 = Release|Any CPU
	EndGlobalSection
EndGlobal
